
Microsoft Visual Studio Solution File, Format Version 12.00
Project("{FAE04EC0-301F-11D3-BF4B-00C04F79EFBC}") = "registro-ocorrencia-dotnet-application", "registro-ocorrencia-dotnet-application.csproj", "{B006F74A-FF15-4EE1-ACAA-B29C8ED52B86}"
EndProject
Global
	GlobalSection(SolutionConfigurationPlatforms) = preSolution
		Debug|Any CPU = Debug|Any CPU
		Release|Any CPU = Release|Any CPU
	EndGlobalSection
	GlobalSection(ProjectConfigurationPlatforms) = postSolution
		{B006F74A-FF15-4EE1-ACAA-B29C8ED52B86}.Debug|Any CPU.ActiveCfg = Debug|Any CPU
		{B006F74A-FF15-4EE1-ACAA-B29C8ED52B86}.Debug|Any CPU.Build.0 = Debug|Any CPU
		{B006F74A-FF15-4EE1-ACAA-B29C8ED52B86}.Release|Any CPU.ActiveCfg = Release|Any CPU
		{B006F74A-FF15-4EE1-ACAA-B29C8ED52B86}.Release|Any CPU.Build.0 = Release|Any CPU
	EndGlobalSection
EndGlobal
